// !$*UTF8*$!
{
	archiveVersion = 1;
	classes = {
	};
	objectVersion = 56;
	objects = {

/* Begin PBXBuildFile section */
		248B302E29BF7DBE00EBAD36 /* AppDelegate.swift in Sources */ = {isa = PBXBuildFile; fileRef = 248B302D29BF7DBE00EBAD36 /* AppDelegate.swift */; };
		248B303029BF7DBE00EBAD36 /* SceneDelegate.swift in Sources */ = {isa = PBXBuildFile; fileRef = 248B302F29BF7DBE00EBAD36 /* SceneDelegate.swift */; };
		248B303229BF7DBE00EBAD36 /* MainTabBarViewController.swift in Sources */ = {isa = PBXBuildFile; fileRef = 248B303129BF7DBE00EBAD36 /* MainTabBarViewController.swift */; };
		248B303729BF7DC000EBAD36 /* Assets.xcassets in Resources */ = {isa = PBXBuildFile; fileRef = 248B303629BF7DC000EBAD36 /* Assets.xcassets */; };
		248B303A29BF7DC000EBAD36 /* LaunchScreen.storyboard in Resources */ = {isa = PBXBuildFile; fileRef = 248B303829BF7DC000EBAD36 /* LaunchScreen.storyboard */; };
		248B304329BF816900EBAD36 /* HomeViewController.swift in Sources */ = {isa = PBXBuildFile; fileRef = 248B304229BF816900EBAD36 /* HomeViewController.swift */; };
		248B304529BF818700EBAD36 /* UpcomingViewController.swift in Sources */ = {isa = PBXBuildFile; fileRef = 248B304429BF818700EBAD36 /* UpcomingViewController.swift */; };
		248B304729BF81A400EBAD36 /* SearchViewController.swift in Sources */ = {isa = PBXBuildFile; fileRef = 248B304629BF81A400EBAD36 /* SearchViewController.swift */; };
		248B304929BF81C800EBAD36 /* DownloadsViewController.swift in Sources */ = {isa = PBXBuildFile; fileRef = 248B304829BF81C800EBAD36 /* DownloadsViewController.swift */; };
		248B305029BF8E0400EBAD36 /* CollectionViewTableViewCell.swift in Sources */ = {isa = PBXBuildFile; fileRef = 248B304F29BF8E0400EBAD36 /* CollectionViewTableViewCell.swift */; };
		248B305229BF9A1900EBAD36 /* HeroHeaderUIView.swift in Sources */ = {isa = PBXBuildFile; fileRef = 248B305129BF9A1900EBAD36 /* HeroHeaderUIView.swift */; };
		248B305429C06F4000EBAD36 /* APICaller.swift in Sources */ = {isa = PBXBuildFile; fileRef = 248B305329C06F4000EBAD36 /* APICaller.swift */; };
		248B305629C07AD000EBAD36 /* TitleModel.swift in Sources */ = {isa = PBXBuildFile; fileRef = 248B305529C07AD000EBAD36 /* TitleModel.swift */; };
		248B305829C0865000EBAD36 /* Extensions.swift in Sources */ = {isa = PBXBuildFile; fileRef = 248B305729C0865000EBAD36 /* Extensions.swift */; };
		248B305C29C098C300EBAD36 /* TitleCollectionViewCell.swift in Sources */ = {isa = PBXBuildFile; fileRef = 248B305B29C098C300EBAD36 /* TitleCollectionViewCell.swift */; };
		248B305F29C09D4600EBAD36 /* SDWebImage in Frameworks */ = {isa = PBXBuildFile; productRef = 248B305E29C09D4600EBAD36 /* SDWebImage */; };
		248B306129C09D4600EBAD36 /* SDWebImageMapKit in Frameworks */ = {isa = PBXBuildFile; productRef = 248B306029C09D4600EBAD36 /* SDWebImageMapKit */; };
		248B306329C0BDE600EBAD36 /* TitleTableViewCell.swift in Sources */ = {isa = PBXBuildFile; fileRef = 248B306229C0BDE600EBAD36 /* TitleTableViewCell.swift */; };
		248B306529C0C55400EBAD36 /* TitleViewModel.swift in Sources */ = {isa = PBXBuildFile; fileRef = 248B306429C0C55400EBAD36 /* TitleViewModel.swift */; };
		248B306729C1025B00EBAD36 /* SearchResultsViewController.swift in Sources */ = {isa = PBXBuildFile; fileRef = 248B306629C1025B00EBAD36 /* SearchResultsViewController.swift */; };
		248B306B29C1B4DC00EBAD36 /* YoutubeSearchResults.swift in Sources */ = {isa = PBXBuildFile; fileRef = 248B306A29C1B4DC00EBAD36 /* YoutubeSearchResults.swift */; };
		248B306D29C1C49000EBAD36 /* TitlePreviewViewController.swift in Sources */ = {isa = PBXBuildFile; fileRef = 248B306C29C1C49000EBAD36 /* TitlePreviewViewController.swift */; };
		248B306F29C1CB6100EBAD36 /* TitlePreviewVIewModel.swift in Sources */ = {isa = PBXBuildFile; fileRef = 248B306E29C1CB6100EBAD36 /* TitlePreviewVIewModel.swift */; };
		248B309529C6047A00EBAD36 /* NetflixCloneModelCoreData.xcdatamodeld in Sources */ = {isa = PBXBuildFile; fileRef = 248B309329C6047A00EBAD36 /* NetflixCloneModelCoreData.xcdatamodeld */; };
		248B309729C6106900EBAD36 /* DataPersistanceManager.swift in Sources */ = {isa = PBXBuildFile; fileRef = 248B309629C6106900EBAD36 /* DataPersistanceManager.swift */; };
/* End PBXBuildFile section */

/* Begin PBXFileReference section */
		248B302A29BF7DBE00EBAD36 /* Netflix Clone.app */ = {isa = PBXFileReference; explicitFileType = wrapper.application; includeInIndex = 0; path = "Netflix Clone.app"; sourceTree = BUILT_PRODUCTS_DIR; };
		248B302D29BF7DBE00EBAD36 /* AppDelegate.swift */ = {isa = PBXFileReference; lastKnownFileType = sourcecode.swift; path = AppDelegate.swift; sourceTree = "<group>"; };
		248B302F29BF7DBE00EBAD36 /* SceneDelegate.swift */ = {isa = PBXFileReference; lastKnownFileType = sourcecode.swift; path = SceneDelegate.swift; sourceTree = "<group>"; };
		248B303129BF7DBE00EBAD36 /* MainTabBarViewController.swift */ = {isa = PBXFileReference; lastKnownFileType = sourcecode.swift; path = MainTabBarViewController.swift; sourceTree = "<group>"; };
		248B303629BF7DC000EBAD36 /* Assets.xcassets */ = {isa = PBXFileReference; lastKnownFileType = folder.assetcatalog; path = Assets.xcassets; sourceTree = "<group>"; };
		248B303929BF7DC000EBAD36 /* Base */ = {isa = PBXFileReference; lastKnownFileType = file.storyboard; name = Base; path = Base.lproj/LaunchScreen.storyboard; sourceTree = "<group>"; };
		248B303B29BF7DC000EBAD36 /* Info.plist */ = {isa = PBXFileReference; lastKnownFileType = text.plist.xml; path = Info.plist; sourceTree = "<group>"; };
		248B304229BF816900EBAD36 /* HomeViewController.swift */ = {isa = PBXFileReference; lastKnownFileType = sourcecode.swift; path = HomeViewController.swift; sourceTree = "<group>"; };
		248B304429BF818700EBAD36 /* UpcomingViewController.swift */ = {isa = PBXFileReference; lastKnownFileType = sourcecode.swift; path = UpcomingViewController.swift; sourceTree = "<group>"; };
		248B304629BF81A400EBAD36 /* SearchViewController.swift */ = {isa = PBXFileReference; lastKnownFileType = sourcecode.swift; path = SearchViewController.swift; sourceTree = "<group>"; };
		248B304829BF81C800EBAD36 /* DownloadsViewController.swift */ = {isa = PBXFileReference; lastKnownFileType = sourcecode.swift; path = DownloadsViewController.swift; sourceTree = "<group>"; };
		248B304F29BF8E0400EBAD36 /* CollectionViewTableViewCell.swift */ = {isa = PBXFileReference; lastKnownFileType = sourcecode.swift; name = CollectionViewTableViewCell.swift; path = Models/CollectionViewTableViewCell.swift; sourceTree = SOURCE_ROOT; };
		248B305129BF9A1900EBAD36 /* HeroHeaderUIView.swift */ = {isa = PBXFileReference; lastKnownFileType = sourcecode.swift; path = HeroHeaderUIView.swift; sourceTree = "<group>"; };
		248B305329C06F4000EBAD36 /* APICaller.swift */ = {isa = PBXFileReference; lastKnownFileType = sourcecode.swift; path = APICaller.swift; sourceTree = "<group>"; };
		248B305529C07AD000EBAD36 /* TitleModel.swift */ = {isa = PBXFileReference; lastKnownFileType = sourcecode.swift; path = TitleModel.swift; sourceTree = "<group>"; };
		248B305729C0865000EBAD36 /* Extensions.swift */ = {isa = PBXFileReference; lastKnownFileType = sourcecode.swift; path = Extensions.swift; sourceTree = "<group>"; };
		248B305B29C098C300EBAD36 /* TitleCollectionViewCell.swift */ = {isa = PBXFileReference; lastKnownFileType = sourcecode.swift; path = TitleCollectionViewCell.swift; sourceTree = "<group>"; };
		248B306229C0BDE600EBAD36 /* TitleTableViewCell.swift */ = {isa = PBXFileReference; lastKnownFileType = sourcecode.swift; path = TitleTableViewCell.swift; sourceTree = "<group>"; };
		248B306429C0C55400EBAD36 /* TitleViewModel.swift */ = {isa = PBXFileReference; lastKnownFileType = sourcecode.swift; path = TitleViewModel.swift; sourceTree = "<group>"; };
		248B306629C1025B00EBAD36 /* SearchResultsViewController.swift */ = {isa = PBXFileReference; lastKnownFileType = sourcecode.swift; path = SearchResultsViewController.swift; sourceTree = "<group>"; };
		248B306A29C1B4DC00EBAD36 /* YoutubeSearchResults.swift */ = {isa = PBXFileReference; lastKnownFileType = sourcecode.swift; path = YoutubeSearchResults.swift; sourceTree = "<group>"; };
		248B306C29C1C49000EBAD36 /* TitlePreviewViewController.swift */ = {isa = PBXFileReference; lastKnownFileType = sourcecode.swift; name = TitlePreviewViewController.swift; path = Controllers/Core/TitlePreviewViewController.swift; sourceTree = SOURCE_ROOT; };
		248B306E29C1CB6100EBAD36 /* TitlePreviewVIewModel.swift */ = {isa = PBXFileReference; lastKnownFileType = sourcecode.swift; path = TitlePreviewVIewModel.swift; sourceTree = "<group>"; };
		248B309429C6047A00EBAD36 /* NetflixCloneModelCoreData.xcdatamodel */ = {isa = PBXFileReference; lastKnownFileType = wrapper.xcdatamodel; path = NetflixCloneModelCoreData.xcdatamodel; sourceTree = "<group>"; };
		248B309629C6106900EBAD36 /* DataPersistanceManager.swift */ = {isa = PBXFileReference; lastKnownFileType = sourcecode.swift; path = DataPersistanceManager.swift; sourceTree = "<group>"; };
/* End PBXFileReference section */

/* Begin PBXFrameworksBuildPhase section */
		248B302729BF7DBE00EBAD36 /* Frameworks */ = {
			isa = PBXFrameworksBuildPhase;
			buildActionMask = 2147483647;
			files = (
				248B306129C09D4600EBAD36 /* SDWebImageMapKit in Frameworks */,
				248B305F29C09D4600EBAD36 /* SDWebImage in Frameworks */,
			);
			runOnlyForDeploymentPostprocessing = 0;
		};
/* End PBXFrameworksBuildPhase section */

/* Begin PBXGroup section */
		248B302129BF7DBE00EBAD36 = {
			isa = PBXGroup;
			children = (
				248B302C29BF7DBE00EBAD36 /* Netflix Clone */,
				248B304C29BF8D3400EBAD36 /* Models */,
				248B304A29BF8D0800EBAD36 /* Views */,
				248B304B29BF8D2700EBAD36 /* ViewModel */,
				248B304129BF814F00EBAD36 /* Controllers */,
				248B302B29BF7DBE00EBAD36 /* Products */,
			);
			sourceTree = "<group>";
		};
		248B302B29BF7DBE00EBAD36 /* Products */ = {
			isa = PBXGroup;
			children = (
				248B302A29BF7DBE00EBAD36 /* Netflix Clone.app */,
			);
			name = Products;
			sourceTree = "<group>";
		};
		248B302C29BF7DBE00EBAD36 /* Netflix Clone */ = {
			isa = PBXGroup;
			children = (
				248B304E29BF8DB800EBAD36 /* Managers */,
				248B304D29BF8DA100EBAD36 /* Resources */,
				248B302D29BF7DBE00EBAD36 /* AppDelegate.swift */,
				248B302F29BF7DBE00EBAD36 /* SceneDelegate.swift */,
				248B303129BF7DBE00EBAD36 /* MainTabBarViewController.swift */,
				248B303629BF7DC000EBAD36 /* Assets.xcassets */,
				248B303829BF7DC000EBAD36 /* LaunchScreen.storyboard */,
				248B303B29BF7DC000EBAD36 /* Info.plist */,
			);
			path = "Netflix Clone";
			sourceTree = "<group>";
		};
		248B304129BF814F00EBAD36 /* Controllers */ = {
			isa = PBXGroup;
			children = (
				248B306929C1044300EBAD36 /* General */,
				248B306829C103ED00EBAD36 /* Core */,
				248B309329C6047A00EBAD36 /* NetflixCloneModelCoreData.xcdatamodeld */,
			);
			path = Controllers;
			sourceTree = "<group>";
		};
		248B304A29BF8D0800EBAD36 /* Views */ = {
			isa = PBXGroup;
			children = (
				248B304F29BF8E0400EBAD36 /* CollectionViewTableViewCell.swift */,
				248B305129BF9A1900EBAD36 /* HeroHeaderUIView.swift */,
				248B305B29C098C300EBAD36 /* TitleCollectionViewCell.swift */,
				248B306229C0BDE600EBAD36 /* TitleTableViewCell.swift */,
			);
			path = Views;
			sourceTree = "<group>";
		};
		248B304B29BF8D2700EBAD36 /* ViewModel */ = {
			isa = PBXGroup;
			children = (
				248B306429C0C55400EBAD36 /* TitleViewModel.swift */,
				248B306E29C1CB6100EBAD36 /* TitlePreviewVIewModel.swift */,
			);
			path = ViewModel;
			sourceTree = "<group>";
		};
		248B304C29BF8D3400EBAD36 /* Models */ = {
			isa = PBXGroup;
			children = (
				248B305529C07AD000EBAD36 /* TitleModel.swift */,
				248B306A29C1B4DC00EBAD36 /* YoutubeSearchResults.swift */,
			);
			path = Models;
			sourceTree = "<group>";
		};
		248B304D29BF8DA100EBAD36 /* Resources */ = {
			isa = PBXGroup;
			children = (
				248B305729C0865000EBAD36 /* Extensions.swift */,
			);
			path = Resources;
			sourceTree = "<group>";
		};
		248B304E29BF8DB800EBAD36 /* Managers */ = {
			isa = PBXGroup;
			children = (
				248B305329C06F4000EBAD36 /* APICaller.swift */,
				248B309629C6106900EBAD36 /* DataPersistanceManager.swift */,
			);
			path = Managers;
			sourceTree = "<group>";
		};
		248B306829C103ED00EBAD36 /* Core */ = {
			isa = PBXGroup;
			children = (
				248B304229BF816900EBAD36 /* HomeViewController.swift */,
				248B304429BF818700EBAD36 /* UpcomingViewController.swift */,
				248B304629BF81A400EBAD36 /* SearchViewController.swift */,
				248B304829BF81C800EBAD36 /* DownloadsViewController.swift */,
			);
			path = Core;
			sourceTree = "<group>";
		};
		248B306929C1044300EBAD36 /* General */ = {
			isa = PBXGroup;
			children = (
				248B306C29C1C49000EBAD36 /* TitlePreviewViewController.swift */,
				248B306629C1025B00EBAD36 /* SearchResultsViewController.swift */,
			);
			path = General;
			sourceTree = "<group>";
		};
/* End PBXGroup section */

/* Begin PBXNativeTarget section */
		248B302929BF7DBE00EBAD36 /* Netflix Clone */ = {
			isa = PBXNativeTarget;
			buildConfigurationList = 248B303E29BF7DC000EBAD36 /* Build configuration list for PBXNativeTarget "Netflix Clone" */;
			buildPhases = (
				248B302629BF7DBE00EBAD36 /* Sources */,
				248B302729BF7DBE00EBAD36 /* Frameworks */,
				248B302829BF7DBE00EBAD36 /* Resources */,
			);
			buildRules = (
			);
			dependencies = (
			);
			name = "Netflix Clone";
			packageProductDependencies = (
				248B305E29C09D4600EBAD36 /* SDWebImage */,
				248B306029C09D4600EBAD36 /* SDWebImageMapKit */,
			);
			productName = "Netflix Clone";
			productReference = 248B302A29BF7DBE00EBAD36 /* Netflix Clone.app */;
			productType = "com.apple.product-type.application";
		};
/* End PBXNativeTarget section */

/* Begin PBXProject section */
		248B302229BF7DBE00EBAD36 /* Project object */ = {
			isa = PBXProject;
			attributes = {
				BuildIndependentTargetsInParallel = 1;
				LastSwiftUpdateCheck = 1420;
				LastUpgradeCheck = 1420;
				TargetAttributes = {
					248B302929BF7DBE00EBAD36 = {
						CreatedOnToolsVersion = 14.2;
					};
				};
			};
			buildConfigurationList = 248B302529BF7DBE00EBAD36 /* Build configuration list for PBXProject "Netflix Clone" */;
			compatibilityVersion = "Xcode 14.0";
			developmentRegion = en;
			hasScannedForEncodings = 0;
			knownRegions = (
				en,
				Base,
			);
			mainGroup = 248B302129BF7DBE00EBAD36;
			packageReferences = (
				248B305D29C09D4600EBAD36 /* XCRemoteSwiftPackageReference "SDWebImage" */,
			);
			productRefGroup = 248B302B29BF7DBE00EBAD36 /* Products */;
			projectDirPath = "";
			projectRoot = "";
			targets = (
				248B302929BF7DBE00EBAD36 /* Netflix Clone */,
			);
		};
/* End PBXProject section */

/* Begin PBXResourcesBuildPhase section */
		248B302829BF7DBE00EBAD36 /* Resources */ = {
			isa = PBXResourcesBuildPhase;
			buildActionMask = 2147483647;
			files = (
				248B303A29BF7DC000EBAD36 /* LaunchScreen.storyboard in Resources */,
				248B303729BF7DC000EBAD36 /* Assets.xcassets in Resources */,
			);
			runOnlyForDeploymentPostprocessing = 0;
		};
/* End PBXResourcesBuildPhase section */

/* Begin PBXSourcesBuildPhase section */
		248B302629BF7DBE00EBAD36 /* Sources */ = {
			isa = PBXSourcesBuildPhase;
			buildActionMask = 2147483647;
			files = (
				248B306329C0BDE600EBAD36 /* TitleTableViewCell.swift in Sources */,
				248B305629C07AD000EBAD36 /* TitleModel.swift in Sources */,
				248B305C29C098C300EBAD36 /* TitleCollectionViewCell.swift in Sources */,
				248B304729BF81A400EBAD36 /* SearchViewController.swift in Sources */,
				248B303229BF7DBE00EBAD36 /* MainTabBarViewController.swift in Sources */,
				248B309529C6047A00EBAD36 /* NetflixCloneModelCoreData.xcdatamodeld in Sources */,
				248B305029BF8E0400EBAD36 /* CollectionViewTableViewCell.swift in Sources */,
				248B305429C06F4000EBAD36 /* APICaller.swift in Sources */,
				248B305229BF9A1900EBAD36 /* HeroHeaderUIView.swift in Sources */,
				248B304929BF81C800EBAD36 /* DownloadsViewController.swift in Sources */,
				248B306729C1025B00EBAD36 /* SearchResultsViewController.swift in Sources */,
				248B305829C0865000EBAD36 /* Extensions.swift in Sources */,
				248B309729C6106900EBAD36 /* DataPersistanceManager.swift in Sources */,
				248B306B29C1B4DC00EBAD36 /* YoutubeSearchResults.swift in Sources */,
				248B302E29BF7DBE00EBAD36 /* AppDelegate.swift in Sources */,
				248B303029BF7DBE00EBAD36 /* SceneDelegate.swift in Sources */,
				248B306D29C1C49000EBAD36 /* TitlePreviewViewController.swift in Sources */,
				248B304529BF818700EBAD36 /* UpcomingViewController.swift in Sources */,
				248B304329BF816900EBAD36 /* HomeViewController.swift in Sources */,
				248B306F29C1CB6100EBAD36 /* TitlePreviewVIewModel.swift in Sources */,
				248B306529C0C55400EBAD36 /* TitleViewModel.swift in Sources */,
			);
			runOnlyForDeploymentPostprocessing = 0;
		};
/* End PBXSourcesBuildPhase section */

/* Begin PBXVariantGroup section */
		248B303829BF7DC000EBAD36 /* LaunchScreen.storyboard */ = {
			isa = PBXVariantGroup;
			children = (
				248B303929BF7DC000EBAD36 /* Base */,
			);
			name = LaunchScreen.storyboard;
			sourceTree = "<group>";
		};
/* End PBXVariantGroup section */

/* Begin XCBuildConfiguration section */
		248B303C29BF7DC000EBAD36 /* Debug */ = {
			isa = XCBuildConfiguration;
			buildSettings = {
				ALWAYS_SEARCH_USER_PATHS = NO;
				CLANG_ANALYZER_NONNULL = YES;
				CLANG_ANALYZER_NUMBER_OBJECT_CONVERSION = YES_AGGRESSIVE;
				CLANG_CXX_LANGUAGE_STANDARD = "gnu++20";
				CLANG_ENABLE_MODULES = YES;
				CLANG_ENABLE_OBJC_ARC = YES;
				CLANG_ENABLE_OBJC_WEAK = YES;
				CLANG_WARN_BLOCK_CAPTURE_AUTORELEASING = YES;
				CLANG_WARN_BOOL_CONVERSION = YES;
				CLANG_WARN_COMMA = YES;
				CLANG_WARN_CONSTANT_CONVERSION = YES;
				CLANG_WARN_DEPRECATED_OBJC_IMPLEMENTATIONS = YES;
				CLANG_WARN_DIRECT_OBJC_ISA_USAGE = YES_ERROR;
				CLANG_WARN_DOCUMENTATION_COMMENTS = YES;
				CLANG_WARN_EMPTY_BODY = YES;
				CLANG_WARN_ENUM_CONVERSION = YES;
				CLANG_WARN_INFINITE_RECURSION = YES;
				CLANG_WARN_INT_CONVERSION = YES;
				CLANG_WARN_NON_LITERAL_NULL_CONVERSION = YES;
				CLANG_WARN_OBJC_IMPLICIT_RETAIN_SELF = YES;
				CLANG_WARN_OBJC_LITERAL_CONVERSION = YES;
				CLANG_WARN_OBJC_ROOT_CLASS = YES_ERROR;
				CLANG_WARN_QUOTED_INCLUDE_IN_FRAMEWORK_HEADER = YES;
				CLANG_WARN_RANGE_LOOP_ANALYSIS = YES;
				CLANG_WARN_STRICT_PROTOTYPES = YES;
				CLANG_WARN_SUSPICIOUS_MOVE = YES;
				CLANG_WARN_UNGUARDED_AVAILABILITY = YES_AGGRESSIVE;
				CLANG_WARN_UNREACHABLE_CODE = YES;
				CLANG_WARN__DUPLICATE_METHOD_MATCH = YES;
				COPY_PHASE_STRIP = NO;
				DEBUG_INFORMATION_FORMAT = dwarf;
				ENABLE_STRICT_OBJC_MSGSEND = YES;
				ENABLE_TESTABILITY = YES;
				GCC_C_LANGUAGE_STANDARD = gnu11;
				GCC_DYNAMIC_NO_PIC = NO;
				GCC_NO_COMMON_BLOCKS = YES;
				GCC_OPTIMIZATION_LEVEL = 0;
				GCC_PREPROCESSOR_DEFINITIONS = (
					"DEBUG=1",
					"$(inherited)",
				);
				GCC_WARN_64_TO_32_BIT_CONVERSION = YES;
				GCC_WARN_ABOUT_RETURN_TYPE = YES_ERROR;
				GCC_WARN_UNDECLARED_SELECTOR = YES;
				GCC_WARN_UNINITIALIZED_AUTOS = YES_AGGRESSIVE;
				GCC_WARN_UNUSED_FUNCTION = YES;
				GCC_WARN_UNUSED_VARIABLE = YES;
				IPHONEOS_DEPLOYMENT_TARGET = 16.2;
				MTL_ENABLE_DEBUG_INFO = INCLUDE_SOURCE;
				MTL_FAST_MATH = YES;
				ONLY_ACTIVE_ARCH = YES;
				SDKROOT = iphoneos;
				SWIFT_ACTIVE_COMPILATION_CONDITIONS = DEBUG;
				SWIFT_OPTIMIZATION_LEVEL = "-Onone";
			};
			name = Debug;
		};
		248B303D29BF7DC000EBAD36 /* Release */ = {
			isa = XCBuildConfiguration;
			buildSettings = {
				ALWAYS_SEARCH_USER_PATHS = NO;
				CLANG_ANALYZER_NONNULL = YES;
				CLANG_ANALYZER_NUMBER_OBJECT_CONVERSION = YES_AGGRESSIVE;
				CLANG_CXX_LANGUAGE_STANDARD = "gnu++20";
				CLANG_ENABLE_MODULES = YES;
				CLANG_ENABLE_OBJC_ARC = YES;
				CLANG_ENABLE_OBJC_WEAK = YES;
				CLANG_WARN_BLOCK_CAPTURE_AUTORELEASING = YES;
				CLANG_WARN_BOOL_CONVERSION = YES;
				CLANG_WARN_COMMA = YES;
				CLANG_WARN_CONSTANT_CONVERSION = YES;
				CLANG_WARN_DEPRECATED_OBJC_IMPLEMENTATIONS = YES;
				CLANG_WARN_DIRECT_OBJC_ISA_USAGE = YES_ERROR;
				CLANG_WARN_DOCUMENTATION_COMMENTS = YES;
				CLANG_WARN_EMPTY_BODY = YES;
				CLANG_WARN_ENUM_CONVERSION = YES;
				CLANG_WARN_INFINITE_RECURSION = YES;
				CLANG_WARN_INT_CONVERSION = YES;
				CLANG_WARN_NON_LITERAL_NULL_CONVERSION = YES;
				CLANG_WARN_OBJC_IMPLICIT_RETAIN_SELF = YES;
				CLANG_WARN_OBJC_LITERAL_CONVERSION = YES;
				CLANG_WARN_OBJC_ROOT_CLASS = YES_ERROR;
				CLANG_WARN_QUOTED_INCLUDE_IN_FRAMEWORK_HEADER = YES;
				CLANG_WARN_RANGE_LOOP_ANALYSIS = YES;
				CLANG_WARN_STRICT_PROTOTYPES = YES;
				CLANG_WARN_SUSPICIOUS_MOVE = YES;
				CLANG_WARN_UNGUARDED_AVAILABILITY = YES_AGGRESSIVE;
				CLANG_WARN_UNREACHABLE_CODE = YES;
				CLANG_WARN__DUPLICATE_METHOD_MATCH = YES;
				COPY_PHASE_STRIP = NO;
				DEBUG_INFORMATION_FORMAT = "dwarf-with-dsym";
				ENABLE_NS_ASSERTIONS = NO;
				ENABLE_STRICT_OBJC_MSGSEND = YES;
				GCC_C_LANGUAGE_STANDARD = gnu11;
				GCC_NO_COMMON_BLOCKS = YES;
				GCC_WARN_64_TO_32_BIT_CONVERSION = YES;
				GCC_WARN_ABOUT_RETURN_TYPE = YES_ERROR;
				GCC_WARN_UNDECLARED_SELECTOR = YES;
				GCC_WARN_UNINITIALIZED_AUTOS = YES_AGGRESSIVE;
				GCC_WARN_UNUSED_FUNCTION = YES;
				GCC_WARN_UNUSED_VARIABLE = YES;
				IPHONEOS_DEPLOYMENT_TARGET = 16.2;
				MTL_ENABLE_DEBUG_INFO = NO;
				MTL_FAST_MATH = YES;
				SDKROOT = iphoneos;
				SWIFT_COMPILATION_MODE = wholemodule;
				SWIFT_OPTIMIZATION_LEVEL = "-O";
				VALIDATE_PRODUCT = YES;
			};
			name = Release;
		};
		248B303F29BF7DC000EBAD36 /* Debug */ = {
			isa = XCBuildConfiguration;
			buildSettings = {
				ASSETCATALOG_COMPILER_APPICON_NAME = AppIcon;
				ASSETCATALOG_COMPILER_GLOBAL_ACCENT_COLOR_NAME = AccentColor;
				CODE_SIGN_STYLE = Automatic;
				CURRENT_PROJECT_VERSION = 1;
				DEVELOPMENT_TEAM = 5C86U37WWL;
				GENERATE_INFOPLIST_FILE = YES;
				INFOPLIST_FILE = "Netflix Clone/Info.plist";
				INFOPLIST_KEY_UIApplicationSupportsIndirectInputEvents = YES;
				INFOPLIST_KEY_UILaunchStoryboardName = LaunchScreen;
				INFOPLIST_KEY_UISupportedInterfaceOrientations_iPad = "UIInterfaceOrientationPortrait UIInterfaceOrientationPortraitUpsideDown UIInterfaceOrientationLandscapeLeft UIInterfaceOrientationLandscapeRight";
				INFOPLIST_KEY_UISupportedInterfaceOrientations_iPhone = "UIInterfaceOrientationPortrait UIInterfaceOrientationLandscapeLeft UIInterfaceOrientationLandscapeRight";
				LD_RUNPATH_SEARCH_PATHS = (
					"$(inherited)",
					"@executable_path/Frameworks",
				);
				MARKETING_VERSION = 1.0;
				PRODUCT_BUNDLE_IDENTIFIER = "me.Netflix-Clone";
				PRODUCT_NAME = "$(TARGET_NAME)";
				SWIFT_EMIT_LOC_STRINGS = YES;
				SWIFT_VERSION = 5.0;
				TARGETED_DEVICE_FAMILY = "1,2";
			};
			name = Debug;
		};
		248B304029BF7DC000EBAD36 /* Release */ = {
			isa = XCBuildConfiguration;
			buildSettings = {
				ASSETCATALOG_COMPILER_APPICON_NAME = AppIcon;
				ASSETCATALOG_COMPILER_GLOBAL_ACCENT_COLOR_NAME = AccentColor;
				CODE_SIGN_STYLE = Automatic;
				CURRENT_PROJECT_VERSION = 1;
				DEVELOPMENT_TEAM = 5C86U37WWL;
				GENERATE_INFOPLIST_FILE = YES;
				INFOPLIST_FILE = "Netflix Clone/Info.plist";
				INFOPLIST_KEY_UIApplicationSupportsIndirectInputEvents = YES;
				INFOPLIST_KEY_UILaunchStoryboardName = LaunchScreen;
				INFOPLIST_KEY_UISupportedInterfaceOrientations_iPad = "UIInterfaceOrientationPortrait UIInterfaceOrientationPortraitUpsideDown UIInterfaceOrientationLandscapeLeft UIInterfaceOrientationLandscapeRight";
				INFOPLIST_KEY_UISupportedInterfaceOrientations_iPhone = "UIInterfaceOrientationPortrait UIInterfaceOrientationLandscapeLeft UIInterfaceOrientationLandscapeRight";
				LD_RUNPATH_SEARCH_PATHS = (
					"$(inherited)",
					"@executable_path/Frameworks",
				);
				MARKETING_VERSION = 1.0;
				PRODUCT_BUNDLE_IDENTIFIER = "me.Netflix-Clone";
				PRODUCT_NAME = "$(TARGET_NAME)";
				SWIFT_EMIT_LOC_STRINGS = YES;
				SWIFT_VERSION = 5.0;
				TARGETED_DEVICE_FAMILY = "1,2";
			};
			name = Release;
		};
/* End XCBuildConfiguration section */

/* Begin XCConfigurationList section */
		248B302529BF7DBE00EBAD36 /* Build configuration list for PBXProject "Netflix Clone" */ = {
			isa = XCConfigurationList;
			buildConfigurations = (
				248B303C29BF7DC000EBAD36 /* Debug */,
				248B303D29BF7DC000EBAD36 /* Release */,
			);
			defaultConfigurationIsVisible = 0;
			defaultConfigurationName = Release;
		};
		248B303E29BF7DC000EBAD36 /* Build configuration list for PBXNativeTarget "Netflix Clone" */ = {
			isa = XCConfigurationList;
			buildConfigurations = (
				248B303F29BF7DC000EBAD36 /* Debug */,
				248B304029BF7DC000EBAD36 /* Release */,
			);
			defaultConfigurationIsVisible = 0;
			defaultConfigurationName = Release;
		};
/* End XCConfigurationList section */

/* Begin XCRemoteSwiftPackageReference section */
		248B305D29C09D4600EBAD36 /* XCRemoteSwiftPackageReference "SDWebImage" */ = {
			isa = XCRemoteSwiftPackageReference;
			repositoryURL = "https://github.com/SDWebImage/SDWebImage.git";
			requirement = {
				kind = upToNextMajorVersion;
				minimumVersion = 5.0.0;
			};
		};
/* End XCRemoteSwiftPackageReference section */

/* Begin XCSwiftPackageProductDependency section */
		248B305E29C09D4600EBAD36 /* SDWebImage */ = {
			isa = XCSwiftPackageProductDependency;
			package = 248B305D29C09D4600EBAD36 /* XCRemoteSwiftPackageReference "SDWebImage" */;
			productName = SDWebImage;
		};
		248B306029C09D4600EBAD36 /* SDWebImageMapKit */ = {
			isa = XCSwiftPackageProductDependency;
			package = 248B305D29C09D4600EBAD36 /* XCRemoteSwiftPackageReference "SDWebImage" */;
			productName = SDWebImageMapKit;
		};
/* End XCSwiftPackageProductDependency section */

/* Begin XCVersionGroup section */
		248B309329C6047A00EBAD36 /* NetflixCloneModelCoreData.xcdatamodeld */ = {
			isa = XCVersionGroup;
			children = (
				248B309429C6047A00EBAD36 /* NetflixCloneModelCoreData.xcdatamodel */,
			);
			currentVersion = 248B309429C6047A00EBAD36 /* NetflixCloneModelCoreData.xcdatamodel */;
			path = NetflixCloneModelCoreData.xcdatamodeld;
			sourceTree = "<group>";
			versionGroupType = wrapper.xcdatamodel;
		};
/* End XCVersionGroup section */
	};
	rootObject = 248B302229BF7DBE00EBAD36 /* Project object */;
}
